
Microsoft Visual Studio Solution File, Format Version 12.00
# Visual Studio Version 17
VisualStudioVersion = 17.9.34622.214
MinimumVisualStudioVersion = 10.0.40219.1
Project("{FAE04EC0-301F-11D3-BF4B-00C04F79EFBC}") = "ConsoleApp22", "ConsoleApp22\ConsoleApp22.csproj", "{1B49489D-D684-4B10-9D78-BF38ECD1E69C}"
EndProject
Global
	GlobalSection(SolutionConfigurationPlatforms) = preSolution
		Debug|Any CPU = Debug|Any CPU
		Release|Any CPU = Release|Any CPU
	EndGlobalSection
	GlobalSection(ProjectConfigurationPlatforms) = postSolution
		{1B49489D-D684-4B10-9D78-BF38ECD1E69C}.Debug|Any CPU.ActiveCfg = Debug|Any CPU
		{1B49489D-D684-4B10-9D78-BF38ECD1E69C}.Debug|Any CPU.Build.0 = Debug|Any CPU
		{1B49489D-D684-4B10-9D78-BF38ECD1E69C}.Release|Any CPU.ActiveCfg = Release|Any CPU
		{1B49489D-D684-4B10-9D78-BF38ECD1E69C}.Release|Any CPU.Build.0 = Release|Any CPU
	EndGlobalSection
	GlobalSection(SolutionProperties) = preSolution
		HideSolutionNode = FALSE
	EndGlobalSection
	GlobalSection(ExtensibilityGlobals) = postSolution
		SolutionGuid = {B5D2BBD7-30AF-411A-BDC2-D8801726EF37}
	EndGlobalSection
EndGlobal
